// !$*UTF8*$!
{
	archiveVersion = 1;
	classes = {
	};
	objectVersion = 50;
	objects = {

/* Begin PBXBuildFile section */
		53101AC7222D6AF9005C26ED /* AppDelegate.swift in Sources */ = {isa = PBXBuildFile; fileRef = 53101AC6222D6AF9005C26ED /* AppDelegate.swift */; };
		53101AC9222D6AF9005C26ED /* MasterViewController.swift in Sources */ = {isa = PBXBuildFile; fileRef = 53101AC8222D6AF9005C26ED /* MasterViewController.swift */; };
		53101ACB222D6AF9005C26ED /* DetailViewController.swift in Sources */ = {isa = PBXBuildFile; fileRef = 53101ACA222D6AF9005C26ED /* DetailViewController.swift */; };
		53101ACE222D6AF9005C26ED /* Main.storyboard in Resources */ = {isa = PBXBuildFile; fileRef = 53101ACC222D6AF9005C26ED /* Main.storyboard */; };
		53101AD0222D6AFA005C26ED /* Assets.xcassets in Resources */ = {isa = PBXBuildFile; fileRef = 53101ACF222D6AFA005C26ED /* Assets.xcassets */; };
		53101AD3222D6AFA005C26ED /* LaunchScreen.storyboard in Resources */ = {isa = PBXBuildFile; fileRef = 53101AD1222D6AFA005C26ED /* LaunchScreen.storyboard */; };
		53101ADE222D6AFA005C26ED /* SimpleJSON_NQMTests.swift in Sources */ = {isa = PBXBuildFile; fileRef = 53101ADD222D6AFA005C26ED /* SimpleJSON_NQMTests.swift */; };
		53101AE9222D6AFA005C26ED /* SimpleJSON_NQMUITests.swift in Sources */ = {isa = PBXBuildFile; fileRef = 53101AE8222D6AFA005C26ED /* SimpleJSON_NQMUITests.swift */; };
		53101AF7222D6C74005C26ED /* DataManager.swift in Sources */ = {isa = PBXBuildFile; fileRef = 53101AF6222D6C74005C26ED /* DataManager.swift */; };
/* End PBXBuildFile section */

/* Begin PBXContainerItemProxy section */
		53101ADA222D6AFA005C26ED /* PBXContainerItemProxy */ = {
			isa = PBXContainerItemProxy;
			containerPortal = 53101ABB222D6AF9005C26ED /* Project object */;
			proxyType = 1;
			remoteGlobalIDString = 53101AC2222D6AF9005C26ED;
			remoteInfo = SimpleJSON_NQM;
		};
		53101AE5222D6AFA005C26ED /* PBXContainerItemProxy */ = {
			isa = PBXContainerItemProxy;
			containerPortal = 53101ABB222D6AF9005C26ED /* Project object */;
			proxyType = 1;
			remoteGlobalIDString = 53101AC2222D6AF9005C26ED;
			remoteInfo = SimpleJSON_NQM;
		};
/* End PBXContainerItemProxy section */

/* Begin PBXFileReference section */
		53101AC3222D6AF9005C26ED /* SimpleJSON_NQM.app */ = {isa = PBXFileReference; explicitFileType = wrapper.application; includeInIndex = 0; path = SimpleJSON_NQM.app; sourceTree = BUILT_PRODUCTS_DIR; };
		53101AC6222D6AF9005C26ED /* AppDelegate.swift */ = {isa = PBXFileReference; lastKnownFileType = sourcecode.swift; path = AppDelegate.swift; sourceTree = "<group>"; };
		53101AC8222D6AF9005C26ED /* MasterViewController.swift */ = {isa = PBXFileReference; lastKnownFileType = sourcecode.swift; path = MasterViewController.swift; sourceTree = "<group>"; };
		53101ACA222D6AF9005C26ED /* DetailViewController.swift */ = {isa = PBXFileReference; lastKnownFileType = sourcecode.swift; path = DetailViewController.swift; sourceTree = "<group>"; };
		53101ACD222D6AF9005C26ED /* Base */ = {isa = PBXFileReference; lastKnownFileType = file.storyboard; name = Base; path = Base.lproj/Main.storyboard; sourceTree = "<group>"; };
		53101ACF222D6AFA005C26ED /* Assets.xcassets */ = {isa = PBXFileReference; lastKnownFileType = folder.assetcatalog; path = Assets.xcassets; sourceTree = "<group>"; };
		53101AD2222D6AFA005C26ED /* Base */ = {isa = PBXFileReference; lastKnownFileType = file.storyboard; name = Base; path = Base.lproj/LaunchScreen.storyboard; sourceTree = "<group>"; };
		53101AD4222D6AFA005C26ED /* Info.plist */ = {isa = PBXFileReference; lastKnownFileType = text.plist.xml; path = Info.plist; sourceTree = "<group>"; };
		53101AD9222D6AFA005C26ED /* SimpleJSON_NQMTests.xctest */ = {isa = PBXFileReference; explicitFileType = wrapper.cfbundle; includeInIndex = 0; path = SimpleJSON_NQMTests.xctest; sourceTree = BUILT_PRODUCTS_DIR; };
		53101ADD222D6AFA005C26ED /* SimpleJSON_NQMTests.swift */ = {isa = PBXFileReference; lastKnownFileType = sourcecode.swift; path = SimpleJSON_NQMTests.swift; sourceTree = "<group>"; };
		53101ADF222D6AFA005C26ED /* Info.plist */ = {isa = PBXFileReference; lastKnownFileType = text.plist.xml; path = Info.plist; sourceTree = "<group>"; };
		53101AE4222D6AFA005C26ED /* SimpleJSON_NQMUITests.xctest */ = {isa = PBXFileReference; explicitFileType = wrapper.cfbundle; includeInIndex = 0; path = SimpleJSON_NQMUITests.xctest; sourceTree = BUILT_PRODUCTS_DIR; };
		53101AE8222D6AFA005C26ED /* SimpleJSON_NQMUITests.swift */ = {isa = PBXFileReference; lastKnownFileType = sourcecode.swift; path = SimpleJSON_NQMUITests.swift; sourceTree = "<group>"; };
		53101AEA222D6AFA005C26ED /* Info.plist */ = {isa = PBXFileReference; lastKnownFileType = text.plist.xml; path = Info.plist; sourceTree = "<group>"; };
		53101AF6222D6C74005C26ED /* DataManager.swift */ = {isa = PBXFileReference; lastKnownFileType = sourcecode.swift; path = DataManager.swift; sourceTree = "<group>"; };
/* End PBXFileReference section */

/* Begin PBXFrameworksBuildPhase section */
		53101AC0222D6AF9005C26ED /* Frameworks */ = {
			isa = PBXFrameworksBuildPhase;
			buildActionMask = 2147483647;
			files = (
			);
			runOnlyForDeploymentPostprocessing = 0;
		};
		53101AD6222D6AFA005C26ED /* Frameworks */ = {
			isa = PBXFrameworksBuildPhase;
			buildActionMask = 2147483647;
			files = (
			);
			runOnlyForDeploymentPostprocessing = 0;
		};
		53101AE1222D6AFA005C26ED /* Frameworks */ = {
			isa = PBXFrameworksBuildPhase;
			buildActionMask = 2147483647;
			files = (
			);
			runOnlyForDeploymentPostprocessing = 0;
		};
/* End PBXFrameworksBuildPhase section */

/* Begin PBXGroup section */
		53101ABA222D6AF9005C26ED = {
			isa = PBXGroup;
			children = (
				53101AC5222D6AF9005C26ED /* SimpleJSON_NQM */,
				53101ADC222D6AFA005C26ED /* SimpleJSON_NQMTests */,
				53101AE7222D6AFA005C26ED /* SimpleJSON_NQMUITests */,
				53101AC4222D6AF9005C26ED /* Products */,
			);
			sourceTree = "<group>";
		};
		53101AC4222D6AF9005C26ED /* Products */ = {
			isa = PBXGroup;
			children = (
				53101AC3222D6AF9005C26ED /* SimpleJSON_NQM.app */,
				53101AD9222D6AFA005C26ED /* SimpleJSON_NQMTests.xctest */,
				53101AE4222D6AFA005C26ED /* SimpleJSON_NQMUITests.xctest */,
			);
			name = Products;
			sourceTree = "<group>";
		};
		53101AC5222D6AF9005C26ED /* SimpleJSON_NQM */ = {
			isa = PBXGroup;
			children = (
				53101AC6222D6AF9005C26ED /* AppDelegate.swift */,
				53101AC8222D6AF9005C26ED /* MasterViewController.swift */,
				53101ACA222D6AF9005C26ED /* DetailViewController.swift */,
				53101ACC222D6AF9005C26ED /* Main.storyboard */,
				53101ACF222D6AFA005C26ED /* Assets.xcassets */,
				53101AD1222D6AFA005C26ED /* LaunchScreen.storyboard */,
				53101AD4222D6AFA005C26ED /* Info.plist */,
				53101AF6222D6C74005C26ED /* DataManager.swift */,
			);
			path = SimpleJSON_NQM;
			sourceTree = "<group>";
		};
		53101ADC222D6AFA005C26ED /* SimpleJSON_NQMTests */ = {
			isa = PBXGroup;
			children = (
				53101ADD222D6AFA005C26ED /* SimpleJSON_NQMTests.swift */,
				53101ADF222D6AFA005C26ED /* Info.plist */,
			);
			path = SimpleJSON_NQMTests;
			sourceTree = "<group>";
		};
		53101AE7222D6AFA005C26ED /* SimpleJSON_NQMUITests */ = {
			isa = PBXGroup;
			children = (
				53101AE8222D6AFA005C26ED /* SimpleJSON_NQMUITests.swift */,
				53101AEA222D6AFA005C26ED /* Info.plist */,
			);
			path = SimpleJSON_NQMUITests;
			sourceTree = "<group>";
		};
/* End PBXGroup section */

/* Begin PBXNativeTarget section */
		53101AC2222D6AF9005C26ED /* SimpleJSON_NQM */ = {
			isa = PBXNativeTarget;
			buildConfigurationList = 53101AED222D6AFA005C26ED /* Build configuration list for PBXNativeTarget "SimpleJSON_NQM" */;
			buildPhases = (
				53101ABF222D6AF9005C26ED /* Sources */,
				53101AC0222D6AF9005C26ED /* Frameworks */,
				53101AC1222D6AF9005C26ED /* Resources */,
			);
			buildRules = (
			);
			dependencies = (
			);
			name = SimpleJSON_NQM;
			productName = SimpleJSON_NQM;
			productReference = 53101AC3222D6AF9005C26ED /* SimpleJSON_NQM.app */;
			productType = "com.apple.product-type.application";
		};
		53101AD8222D6AFA005C26ED /* SimpleJSON_NQMTests */ = {
			isa = PBXNativeTarget;
			buildConfigurationList = 53101AF0222D6AFA005C26ED /* Build configuration list for PBXNativeTarget "SimpleJSON_NQMTests" */;
			buildPhases = (
				53101AD5222D6AFA005C26ED /* Sources */,
				53101AD6222D6AFA005C26ED /* Frameworks */,
				53101AD7222D6AFA005C26ED /* Resources */,
			);
			buildRules = (
			);
			dependencies = (
				53101ADB222D6AFA005C26ED /* PBXTargetDependency */,
			);
			name = SimpleJSON_NQMTests;
			productName = SimpleJSON_NQMTests;
			productReference = 53101AD9222D6AFA005C26ED /* SimpleJSON_NQMTests.xctest */;
			productType = "com.apple.product-type.bundle.unit-test";
		};
		53101AE3222D6AFA005C26ED /* SimpleJSON_NQMUITests */ = {
			isa = PBXNativeTarget;
			buildConfigurationList = 53101AF3222D6AFA005C26ED /* Build configuration list for PBXNativeTarget "SimpleJSON_NQMUITests" */;
			buildPhases = (
				53101AE0222D6AFA005C26ED /* Sources */,
				53101AE1222D6AFA005C26ED /* Frameworks */,
				53101AE2222D6AFA005C26ED /* Resources */,
			);
			buildRules = (
			);
			dependencies = (
				53101AE6222D6AFA005C26ED /* PBXTargetDependency */,
			);
			name = SimpleJSON_NQMUITests;
			productName = SimpleJSON_NQMUITests;
			productReference = 53101AE4222D6AFA005C26ED /* SimpleJSON_NQMUITests.xctest */;
			productType = "com.apple.product-type.bundle.ui-testing";
		};
/* End PBXNativeTarget section */

/* Begin PBXProject section */
		53101ABB222D6AF9005C26ED /* Project object */ = {
			isa = PBXProject;
			attributes = {
				LastSwiftUpdateCheck = 1010;
				LastUpgradeCheck = 1010;
				ORGANIZATIONNAME = "Nnamdi Massally";
				TargetAttributes = {
					53101AC2222D6AF9005C26ED = {
						CreatedOnToolsVersion = 10.1;
					};
					53101AD8222D6AFA005C26ED = {
						CreatedOnToolsVersion = 10.1;
						TestTargetID = 53101AC2222D6AF9005C26ED;
					};
					53101AE3222D6AFA005C26ED = {
						CreatedOnToolsVersion = 10.1;
						TestTargetID = 53101AC2222D6AF9005C26ED;
					};
				};
			};
			buildConfigurationList = 53101ABE222D6AF9005C26ED /* Build configuration list for PBXProject "SimpleJSON_NQM" */;
			compatibilityVersion = "Xcode 9.3";
			developmentRegion = en;
			hasScannedForEncodings = 0;
			knownRegions = (
				en,
				Base,
			);
			mainGroup = 53101ABA222D6AF9005C26ED;
			productRefGroup = 53101AC4222D6AF9005C26ED /* Products */;
			projectDirPath = "";
			projectRoot = "";
			targets = (
				53101AC2222D6AF9005C26ED /* SimpleJSON_NQM */,
				53101AD8222D6AFA005C26ED /* SimpleJSON_NQMTests */,
				53101AE3222D6AFA005C26ED /* SimpleJSON_NQMUITests */,
			);
		};
/* End PBXProject section */

/* Begin PBXResourcesBuildPhase section */
		53101AC1222D6AF9005C26ED /* Resources */ = {
			isa = PBXResourcesBuildPhase;
			buildActionMask = 2147483647;
			files = (
				53101AD3222D6AFA005C26ED /* LaunchScreen.storyboard in Resources */,
				53101AD0222D6AFA005C26ED /* Assets.xcassets in Resources */,
				53101ACE222D6AF9005C26ED /* Main.storyboard in Resources */,
			);
			runOnlyForDeploymentPostprocessing = 0;
		};
		53101AD7222D6AFA005C26ED /* Resources */ = {
			isa = PBXResourcesBuildPhase;
			buildActionMask = 2147483647;
			files = (
			);
			runOnlyForDeploymentPostprocessing = 0;
		};
		53101AE2222D6AFA005C26ED /* Resources */ = {
			isa = PBXResourcesBuildPhase;
			buildActionMask = 2147483647;
			files = (
			);
			runOnlyForDeploymentPostprocessing = 0;
		};
/* End PBXResourcesBuildPhase section */

/* Begin PBXSourcesBuildPhase section */
		53101ABF222D6AF9005C26ED /* Sources */ = {
			isa = PBXSourcesBuildPhase;
			buildActionMask = 2147483647;
			files = (
				53101ACB222D6AF9005C26ED /* DetailViewController.swift in Sources */,
				53101AF7222D6C74005C26ED /* DataManager.swift in Sources */,
				53101AC9222D6AF9005C26ED /* MasterViewController.swift in Sources */,
				53101AC7222D6AF9005C26ED /* AppDelegate.swift in Sources */,
			);
			runOnlyForDeploymentPostprocessing = 0;
		};
		53101AD5222D6AFA005C26ED /* Sources */ = {
			isa = PBXSourcesBuildPhase;
			buildActionMask = 2147483647;
			files = (
				53101ADE222D6AFA005C26ED /* SimpleJSON_NQMTests.swift in Sources */,
			);
			runOnlyForDeploymentPostprocessing = 0;
		};
		53101AE0222D6AFA005C26ED /* Sources */ = {
			isa = PBXSourcesBuildPhase;
			buildActionMask = 2147483647;
			files = (
				53101AE9222D6AFA005C26ED /* SimpleJSON_NQMUITests.swift in Sources */,
			);
			runOnlyForDeploymentPostprocessing = 0;
		};
/* End PBXSourcesBuildPhase section */

/* Begin PBXTargetDependency section */
		53101ADB222D6AFA005C26ED /* PBXTargetDependency */ = {
			isa = PBXTargetDependency;
			target = 53101AC2222D6AF9005C26ED /* SimpleJSON_NQM */;
			targetProxy = 53101ADA222D6AFA005C26ED /* PBXContainerItemProxy */;
		};
		53101AE6222D6AFA005C26ED /* PBXTargetDependency */ = {
			isa = PBXTargetDependency;
			target = 53101AC2222D6AF9005C26ED /* SimpleJSON_NQM */;
			targetProxy = 53101AE5222D6AFA005C26ED /* PBXContainerItemProxy */;
		};
/* End PBXTargetDependency section */

/* Begin PBXVariantGroup section */
		53101ACC222D6AF9005C26ED /* Main.storyboard */ = {
			isa = PBXVariantGroup;
			children = (
				53101ACD222D6AF9005C26ED /* Base */,
			);
			name = Main.storyboard;
			sourceTree = "<group>";
		};
		53101AD1222D6AFA005C26ED /* LaunchScreen.storyboard */ = {
			isa = PBXVariantGroup;
			children = (
				53101AD2222D6AFA005C26ED /* Base */,
			);
			name = LaunchScreen.storyboard;
			sourceTree = "<group>";
		};
/* End PBXVariantGroup section */

/* Begin XCBuildConfiguration section */
		53101AEB222D6AFA005C26ED /* Debug */ = {
			isa = XCBuildConfiguration;
			buildSettings = {
				ALWAYS_SEARCH_USER_PATHS = NO;
				CLANG_ANALYZER_NONNULL = YES;
				CLANG_ANALYZER_NUMBER_OBJECT_CONVERSION = YES_AGGRESSIVE;
				CLANG_CXX_LANGUAGE_STANDARD = "gnu++14";
				CLANG_CXX_LIBRARY = "libc++";
				CLANG_ENABLE_MODULES = YES;
				CLANG_ENABLE_OBJC_ARC = YES;
				CLANG_ENABLE_OBJC_WEAK = YES;
				CLANG_WARN_BLOCK_CAPTURE_AUTORELEASING = YES;
				CLANG_WARN_BOOL_CONVERSION = YES;
				CLANG_WARN_COMMA = YES;
				CLANG_WARN_CONSTANT_CONVERSION = YES;
				CLANG_WARN_DEPRECATED_OBJC_IMPLEMENTATIONS = YES;
				CLANG_WARN_DIRECT_OBJC_ISA_USAGE = YES_ERROR;
				CLANG_WARN_DOCUMENTATION_COMMENTS = YES;
				CLANG_WARN_EMPTY_BODY = YES;
				CLANG_WARN_ENUM_CONVERSION = YES;
				CLANG_WARN_INFINITE_RECURSION = YES;
				CLANG_WARN_INT_CONVERSION = YES;
				CLANG_WARN_NON_LITERAL_NULL_CONVERSION = YES;
				CLANG_WARN_OBJC_IMPLICIT_RETAIN_SELF = YES;
				CLANG_WARN_OBJC_LITERAL_CONVERSION = YES;
				CLANG_WARN_OBJC_ROOT_CLASS = YES_ERROR;
				CLANG_WARN_RANGE_LOOP_ANALYSIS = YES;
				CLANG_WARN_STRICT_PROTOTYPES = YES;
				CLANG_WARN_SUSPICIOUS_MOVE = YES;
				CLANG_WARN_UNGUARDED_AVAILABILITY = YES_AGGRESSIVE;
				CLANG_WARN_UNREACHABLE_CODE = YES;
				CLANG_WARN__DUPLICATE_METHOD_MATCH = YES;
				CODE_SIGN_IDENTITY = "iPhone Developer";
				COPY_PHASE_STRIP = NO;
				DEBUG_INFORMATION_FORMAT = dwarf;
				ENABLE_STRICT_OBJC_MSGSEND = YES;
				ENABLE_TESTABILITY = YES;
				GCC_C_LANGUAGE_STANDARD = gnu11;
				GCC_DYNAMIC_NO_PIC = NO;
				GCC_NO_COMMON_BLOCKS = YES;
				GCC_OPTIMIZATION_LEVEL = 0;
				GCC_PREPROCESSOR_DEFINITIONS = (
					"DEBUG=1",
					"$(inherited)",
				);
				GCC_WARN_64_TO_32_BIT_CONVERSION = YES;
				GCC_WARN_ABOUT_RETURN_TYPE = YES_ERROR;
				GCC_WARN_UNDECLARED_SELECTOR = YES;
				GCC_WARN_UNINITIALIZED_AUTOS = YES_AGGRESSIVE;
				GCC_WARN_UNUSED_FUNCTION = YES;
				GCC_WARN_UNUSED_VARIABLE = YES;
				IPHONEOS_DEPLOYMENT_TARGET = 12.1;
				MTL_ENABLE_DEBUG_INFO = INCLUDE_SOURCE;
				MTL_FAST_MATH = YES;
				ONLY_ACTIVE_ARCH = YES;
				SDKROOT = iphoneos;
				SWIFT_ACTIVE_COMPILATION_CONDITIONS = DEBUG;
				SWIFT_OPTIMIZATION_LEVEL = "-Onone";
			};
			name = Debug;
		};
		53101AEC222D6AFA005C26ED /* Release */ = {
			isa = XCBuildConfiguration;
			buildSettings = {
				ALWAYS_SEARCH_USER_PATHS = NO;
				CLANG_ANALYZER_NONNULL = YES;
				CLANG_ANALYZER_NUMBER_OBJECT_CONVERSION = YES_AGGRESSIVE;
				CLANG_CXX_LANGUAGE_STANDARD = "gnu++14";
				CLANG_CXX_LIBRARY = "libc++";
				CLANG_ENABLE_MODULES = YES;
				CLANG_ENABLE_OBJC_ARC = YES;
				CLANG_ENABLE_OBJC_WEAK = YES;
				CLANG_WARN_BLOCK_CAPTURE_AUTORELEASING = YES;
				CLANG_WARN_BOOL_CONVERSION = YES;
				CLANG_WARN_COMMA = YES;
				CLANG_WARN_CONSTANT_CONVERSION = YES;
				CLANG_WARN_DEPRECATED_OBJC_IMPLEMENTATIONS = YES;
				CLANG_WARN_DIRECT_OBJC_ISA_USAGE = YES_ERROR;
				CLANG_WARN_DOCUMENTATION_COMMENTS = YES;
				CLANG_WARN_EMPTY_BODY = YES;
				CLANG_WARN_ENUM_CONVERSION = YES;
				CLANG_WARN_INFINITE_RECURSION = YES;
				CLANG_WARN_INT_CONVERSION = YES;
				CLANG_WARN_NON_LITERAL_NULL_CONVERSION = YES;
				CLANG_WARN_OBJC_IMPLICIT_RETAIN_SELF = YES;
				CLANG_WARN_OBJC_LITERAL_CONVERSION = YES;
				CLANG_WARN_OBJC_ROOT_CLASS = YES_ERROR;
				CLANG_WARN_RANGE_LOOP_ANALYSIS = YES;
				CLANG_WARN_STRICT_PROTOTYPES = YES;
				CLANG_WARN_SUSPICIOUS_MOVE = YES;
				CLANG_WARN_UNGUARDED_AVAILABILITY = YES_AGGRESSIVE;
				CLANG_WARN_UNREACHABLE_CODE = YES;
				CLANG_WARN__DUPLICATE_METHOD_MATCH = YES;
				CODE_SIGN_IDENTITY = "iPhone Developer";
				COPY_PHASE_STRIP = NO;
				DEBUG_INFORMATION_FORMAT = "dwarf-with-dsym";
				ENABLE_NS_ASSERTIONS = NO;
				ENABLE_STRICT_OBJC_MSGSEND = YES;
				GCC_C_LANGUAGE_STANDARD = gnu11;
				GCC_NO_COMMON_BLOCKS = YES;
				GCC_WARN_64_TO_32_BIT_CONVERSION = YES;
				GCC_WARN_ABOUT_RETURN_TYPE = YES_ERROR;
				GCC_WARN_UNDECLARED_SELECTOR = YES;
				GCC_WARN_UNINITIALIZED_AUTOS = YES_AGGRESSIVE;
				GCC_WARN_UNUSED_FUNCTION = YES;
				GCC_WARN_UNUSED_VARIABLE = YES;
				IPHONEOS_DEPLOYMENT_TARGET = 12.1;
				MTL_ENABLE_DEBUG_INFO = NO;
				MTL_FAST_MATH = YES;
				SDKROOT = iphoneos;
				SWIFT_COMPILATION_MODE = wholemodule;
				SWIFT_OPTIMIZATION_LEVEL = "-O";
				VALIDATE_PRODUCT = YES;
			};
			name = Release;
		};
		53101AEE222D6AFA005C26ED /* Debug */ = {
			isa = XCBuildConfiguration;
			buildSettings = {
				ASSETCATALOG_COMPILER_APPICON_NAME = AppIcon;
				CODE_SIGN_STYLE = Automatic;
				INFOPLIST_FILE = SimpleJSON_NQM/Info.plist;
				LD_RUNPATH_SEARCH_PATHS = (
					"$(inherited)",
					"@executable_path/Frameworks",
				);
				PRODUCT_BUNDLE_IDENTIFIER = "edu.acu.cs316.SimpleJSON-NQM";
				PRODUCT_NAME = "$(TARGET_NAME)";
				SWIFT_VERSION = 4.2;
				TARGETED_DEVICE_FAMILY = "1,2";
			};
			name = Debug;
		};
		53101AEF222D6AFA005C26ED /* Release */ = {
			isa = XCBuildConfiguration;
			buildSettings = {
				ASSETCATALOG_COMPILER_APPICON_NAME = AppIcon;
				CODE_SIGN_STYLE = Automatic;
				INFOPLIST_FILE = SimpleJSON_NQM/Info.plist;
				LD_RUNPATH_SEARCH_PATHS = (
					"$(inherited)",
					"@executable_path/Frameworks",
				);
				PRODUCT_BUNDLE_IDENTIFIER = "edu.acu.cs316.SimpleJSON-NQM";
				PRODUCT_NAME = "$(TARGET_NAME)";
				SWIFT_VERSION = 4.2;
				TARGETED_DEVICE_FAMILY = "1,2";
			};
			name = Release;
		};
		53101AF1222D6AFA005C26ED /* Debug */ = {
			isa = XCBuildConfiguration;
			buildSettings = {
				ALWAYS_EMBED_SWIFT_STANDARD_LIBRARIES = YES;
				BUNDLE_LOADER = "$(TEST_HOST)";
				CODE_SIGN_STYLE = Automatic;
				INFOPLIST_FILE = SimpleJSON_NQMTests/Info.plist;
				LD_RUNPATH_SEARCH_PATHS = (
					"$(inherited)",
					"@executable_path/Frameworks",
					"@loader_path/Frameworks",
				);
				PRODUCT_BUNDLE_IDENTIFIER = "edu.acu.cs316.SimpleJSON-NQMTests";
				PRODUCT_NAME = "$(TARGET_NAME)";
				SWIFT_VERSION = 4.2;
				TARGETED_DEVICE_FAMILY = "1,2";
				TEST_HOST = "$(BUILT_PRODUCTS_DIR)/SimpleJSON_NQM.app/SimpleJSON_NQM";
			};
			name = Debug;
		};
		53101AF2222D6AFA005C26ED /* Release */ = {
			isa = XCBuildConfiguration;
			buildSettings = {
				ALWAYS_EMBED_SWIFT_STANDARD_LIBRARIES = YES;
				BUNDLE_LOADER = "$(TEST_HOST)";
				CODE_SIGN_STYLE = Automatic;
				INFOPLIST_FILE = SimpleJSON_NQMTests/Info.plist;
				LD_RUNPATH_SEARCH_PATHS = (
					"$(inherited)",
					"@executable_path/Frameworks",
					"@loader_path/Frameworks",
				);
				PRODUCT_BUNDLE_IDENTIFIER = "edu.acu.cs316.SimpleJSON-NQMTests";
				PRODUCT_NAME = "$(TARGET_NAME)";
				SWIFT_VERSION = 4.2;
				TARGETED_DEVICE_FAMILY = "1,2";
				TEST_HOST = "$(BUILT_PRODUCTS_DIR)/SimpleJSON_NQM.app/SimpleJSON_NQM";
			};
			name = Release;
		};
		53101AF4222D6AFA005C26ED /* Debug */ = {
			isa = XCBuildConfiguration;
			buildSettings = {
				ALWAYS_EMBED_SWIFT_STANDARD_LIBRARIES = YES;
				CODE_SIGN_STYLE = Automatic;
				INFOPLIST_FILE = SimpleJSON_NQMUITests/Info.plist;
				LD_RUNPATH_SEARCH_PATHS = (
					"$(inherited)",
					"@executable_path/Frameworks",
					"@loader_path/Frameworks",
				);
				PRODUCT_BUNDLE_IDENTIFIER = "edu.acu.cs316.SimpleJSON-NQMUITests";
				PRODUCT_NAME = "$(TARGET_NAME)";
				SWIFT_VERSION = 4.2;
				TARGETED_DEVICE_FAMILY = "1,2";
				TEST_TARGET_NAME = SimpleJSON_NQM;
			};
			name = Debug;
		};
		53101AF5222D6AFA005C26ED /* Release */ = {
			isa = XCBuildConfiguration;
			buildSettings = {
				ALWAYS_EMBED_SWIFT_STANDARD_LIBRARIES = YES;
				CODE_SIGN_STYLE = Automatic;
				INFOPLIST_FILE = SimpleJSON_NQMUITests/Info.plist;
				LD_RUNPATH_SEARCH_PATHS = (
					"$(inherited)",
					"@executable_path/Frameworks",
					"@loader_path/Frameworks",
				);
				PRODUCT_BUNDLE_IDENTIFIER = "edu.acu.cs316.SimpleJSON-NQMUITests";
				PRODUCT_NAME = "$(TARGET_NAME)";
				SWIFT_VERSION = 4.2;
				TARGETED_DEVICE_FAMILY = "1,2";
				TEST_TARGET_NAME = SimpleJSON_NQM;
			};
			name = Release;
		};
/* End XCBuildConfiguration section */

/* Begin XCConfigurationList section */
		53101ABE222D6AF9005C26ED /* Build configuration list for PBXProject "SimpleJSON_NQM" */ = {
			isa = XCConfigurationList;
			buildConfigurations = (
				53101AEB222D6AFA005C26ED /* Debug */,
				53101AEC222D6AFA005C26ED /* Release */,
			);
			defaultConfigurationIsVisible = 0;
			defaultConfigurationName = Release;
		};
		53101AED222D6AFA005C26ED /* Build configuration list for PBXNativeTarget "SimpleJSON_NQM" */ = {
			isa = XCConfigurationList;
			buildConfigurations = (
				53101AEE222D6AFA005C26ED /* Debug */,
				53101AEF222D6AFA005C26ED /* Release */,
			);
			defaultConfigurationIsVisible = 0;
			defaultConfigurationName = Release;
		};
		53101AF0222D6AFA005C26ED /* Build configuration list for PBXNativeTarget "SimpleJSON_NQMTests" */ = {
			isa = XCConfigurationList;
			buildConfigurations = (
				53101AF1222D6AFA005C26ED /* Debug */,
				53101AF2222D6AFA005C26ED /* Release */,
			);
			defaultConfigurationIsVisible = 0;
			defaultConfigurationName = Release;
		};
		53101AF3222D6AFA005C26ED /* Build configuration list for PBXNativeTarget "SimpleJSON_NQMUITests" */ = {
			isa = XCConfigurationList;
			buildConfigurations = (
				53101AF4222D6AFA005C26ED /* Debug */,
				53101AF5222D6AFA005C26ED /* Release */,
			);
			defaultConfigurationIsVisible = 0;
			defaultConfigurationName = Release;
		};
/* End XCConfigurationList section */
	};
	rootObject = 53101ABB222D6AF9005C26ED /* Project object */;
}
